// !$*UTF8*$!
{
	archiveVersion = 1;
	classes = {
	};
	objectVersion = 77;
	objects = {

/* Begin PBXBuildFile section */
		1A1F24272E01C95000551F6F /* LocationService in Frameworks */ = {isa = PBXBuildFile; productRef = 1A1F24262E01C95000551F6F /* LocationService */; };
		1A1F24292E01C95600551F6F /* NetworkClient in Frameworks */ = {isa = PBXBuildFile; productRef = 1A1F24282E01C95600551F6F /* NetworkClient */; };
		1A290FFB2E1BF05D00D581F8 /* CityManager in Frameworks */ = {isa = PBXBuildFile; productRef = 1A290FFA2E1BF05D00D581F8 /* CityManager */; };
		1AA44A802E02DA1C00671873 /* CitySelectionFeature in Frameworks */ = {isa = PBXBuildFile; productRef = 1AA44A7F2E02DA1C00671873 /* CitySelectionFeature */; };
		1AAEA7632DFD5D1900D65180 /* ComposableArchitecture in Frameworks */ = {isa = PBXBuildFile; productRef = 1AAEA7622DFD5D1900D65180 /* ComposableArchitecture */; };
		1AE247F92DFD664900491568 /* Utility in Frameworks */ = {isa = PBXBuildFile; productRef = 1AE247F82DFD664900491568 /* Utility */; };
/* End PBXBuildFile section */

/* Begin PBXContainerItemProxy section */
		1AFE276D2DFD58A800BE011E /* PBXContainerItemProxy */ = {
			isa = PBXContainerItemProxy;
			containerPortal = 1AFE27562DFD58A700BE011E /* Project object */;
			proxyType = 1;
			remoteGlobalIDString = 1AFE275D2DFD58A700BE011E;
			remoteInfo = ShopApp;
		};
		1AFE27772DFD58A800BE011E /* PBXContainerItemProxy */ = {
			isa = PBXContainerItemProxy;
			containerPortal = 1AFE27562DFD58A700BE011E /* Project object */;
			proxyType = 1;
			remoteGlobalIDString = 1AFE275D2DFD58A700BE011E;
			remoteInfo = ShopApp;
		};
/* End PBXContainerItemProxy section */

/* Begin PBXFileReference section */
		1AFE275E2DFD58A700BE011E /* ShopApp.app */ = {isa = PBXFileReference; explicitFileType = wrapper.application; includeInIndex = 0; path = ShopApp.app; sourceTree = BUILT_PRODUCTS_DIR; };
		1AFE276C2DFD58A800BE011E /* ShopAppTests.xctest */ = {isa = PBXFileReference; explicitFileType = wrapper.cfbundle; includeInIndex = 0; path = ShopAppTests.xctest; sourceTree = BUILT_PRODUCTS_DIR; };
		1AFE27762DFD58A800BE011E /* ShopAppUITests.xctest */ = {isa = PBXFileReference; explicitFileType = wrapper.cfbundle; includeInIndex = 0; path = ShopAppUITests.xctest; sourceTree = BUILT_PRODUCTS_DIR; };
/* End PBXFileReference section */

/* Begin PBXFileSystemSynchronizedBuildFileExceptionSet section */
		1A8B687D2DFD597100D395E4 /* Exceptions for "Resources" folder in "ShopApp" target */ = {
			isa = PBXFileSystemSynchronizedBuildFileExceptionSet;
			membershipExceptions = (
				Assets.xcassets,
			);
			target = 1AFE275D2DFD58A700BE011E /* ShopApp */;
		};
		1A8B687E2DFD597100D395E4 /* Exceptions for "Resources" folder in "ShopAppUITests" target */ = {
			isa = PBXFileSystemSynchronizedBuildFileExceptionSet;
			membershipExceptions = (
				Assets.xcassets,
			);
			target = 1AFE27752DFD58A800BE011E /* ShopAppUITests */;
		};
		1AA44A7E2E02BEDF00671873 /* Exceptions for "ResourcesOnline" folder in "ShopAppUITests" target */ = {
			isa = PBXFileSystemSynchronizedBuildFileExceptionSet;
			membershipExceptions = (
				cities.json,
			);
			target = 1AFE27752DFD58A800BE011E /* ShopAppUITests */;
		};
		1AAEA7AE2DFD608E00D65180 /* Exceptions for "LocalPackages" folder in "ShopAppUITests" target */ = {
			isa = PBXFileSystemSynchronizedBuildFileExceptionSet;
			membershipExceptions = (
				CityManager,
				Features/CitySelectionFeature,
				LocationService,
				NetworkClient,
				NetworkConnectionService,
				RestClient,
				Utility,
			);
			target = 1AFE27752DFD58A800BE011E /* ShopAppUITests */;
		};
/* End PBXFileSystemSynchronizedBuildFileExceptionSet section */

/* Begin PBXFileSystemSynchronizedRootGroup section */
		1A8B687C2DFD595600D395E4 /* Resources */ = {
			isa = PBXFileSystemSynchronizedRootGroup;
			exceptions = (
				1A8B687D2DFD597100D395E4 /* Exceptions for "Resources" folder in "ShopApp" target */,
				1A8B687E2DFD597100D395E4 /* Exceptions for "Resources" folder in "ShopAppUITests" target */,
			);
			path = Resources;
			sourceTree = "<group>";
		};
		1AA44A792E02BD2100671873 /* ResourcesOnline */ = {
			isa = PBXFileSystemSynchronizedRootGroup;
			exceptions = (
				1AA44A7E2E02BEDF00671873 /* Exceptions for "ResourcesOnline" folder in "ShopAppUITests" target */,
			);
			path = ResourcesOnline;
			sourceTree = "<group>";
		};
		1AAEA7AA2DFD5FDD00D65180 /* LocalPackages */ = {
			isa = PBXFileSystemSynchronizedRootGroup;
			exceptions = (
				1AAEA7AE2DFD608E00D65180 /* Exceptions for "LocalPackages" folder in "ShopAppUITests" target */,
			);
			path = LocalPackages;
			sourceTree = "<group>";
		};
		1AFE27602DFD58A700BE011E /* Source */ = {
			isa = PBXFileSystemSynchronizedRootGroup;
			path = Source;
			sourceTree = "<group>";
		};
		1AFE276F2DFD58A800BE011E /* ShopAppTests */ = {
			isa = PBXFileSystemSynchronizedRootGroup;
			path = ShopAppTests;
			sourceTree = "<group>";
		};
		1AFE27792DFD58A800BE011E /* ShopAppUITests */ = {
			isa = PBXFileSystemSynchronizedRootGroup;
			path = ShopAppUITests;
			sourceTree = "<group>";
		};
/* End PBXFileSystemSynchronizedRootGroup section */

/* Begin PBXFrameworksBuildPhase section */
		1AFE275B2DFD58A700BE011E /* Frameworks */ = {
			isa = PBXFrameworksBuildPhase;
			buildActionMask = 2147483647;
			files = (
				1AAEA7632DFD5D1900D65180 /* ComposableArchitecture in Frameworks */,
				1A290FFB2E1BF05D00D581F8 /* CityManager in Frameworks */,
				1AA44A802E02DA1C00671873 /* CitySelectionFeature in Frameworks */,
				1AE247F92DFD664900491568 /* Utility in Frameworks */,
				1A1F24292E01C95600551F6F /* NetworkClient in Frameworks */,
				1A1F24272E01C95000551F6F /* LocationService in Frameworks */,
			);
			runOnlyForDeploymentPostprocessing = 0;
		};
		1AFE27692DFD58A800BE011E /* Frameworks */ = {
			isa = PBXFrameworksBuildPhase;
			buildActionMask = 2147483647;
			files = (
			);
			runOnlyForDeploymentPostprocessing = 0;
		};
		1AFE27732DFD58A800BE011E /* Frameworks */ = {
			isa = PBXFrameworksBuildPhase;
			buildActionMask = 2147483647;
			files = (
			);
			runOnlyForDeploymentPostprocessing = 0;
		};
/* End PBXFrameworksBuildPhase section */

/* Begin PBXGroup section */
		1AE247F72DFD664900491568 /* Frameworks */ = {
			isa = PBXGroup;
			children = (
			);
			name = Frameworks;
			sourceTree = "<group>";
		};
		1AFE27552DFD58A700BE011E = {
			isa = PBXGroup;
			children = (
				1AAEA7AA2DFD5FDD00D65180 /* LocalPackages */,
				1AFE27602DFD58A700BE011E /* Source */,
				1A8B687C2DFD595600D395E4 /* Resources */,
				1AA44A792E02BD2100671873 /* ResourcesOnline */,
				1AFE276F2DFD58A800BE011E /* ShopAppTests */,
				1AFE27792DFD58A800BE011E /* ShopAppUITests */,
				1AE247F72DFD664900491568 /* Frameworks */,
				1AFE275F2DFD58A700BE011E /* Products */,
			);
			sourceTree = "<group>";
		};
		1AFE275F2DFD58A700BE011E /* Products */ = {
			isa = PBXGroup;
			children = (
				1AFE275E2DFD58A700BE011E /* ShopApp.app */,
				1AFE276C2DFD58A800BE011E /* ShopAppTests.xctest */,
				1AFE27762DFD58A800BE011E /* ShopAppUITests.xctest */,
			);
			name = Products;
			sourceTree = "<group>";
		};
/* End PBXGroup section */

/* Begin PBXNativeTarget section */
		1AFE275D2DFD58A700BE011E /* ShopApp */ = {
			isa = PBXNativeTarget;
			buildConfigurationList = 1AFE27802DFD58A800BE011E /* Build configuration list for PBXNativeTarget "ShopApp" */;
			buildPhases = (
				1AFE275A2DFD58A700BE011E /* Sources */,
				1AFE275B2DFD58A700BE011E /* Frameworks */,
				1AFE275C2DFD58A700BE011E /* Resources */,
			);
			buildRules = (
			);
			dependencies = (
			);
			fileSystemSynchronizedGroups = (
				1AFE27602DFD58A700BE011E /* Source */,
			);
			name = ShopApp;
			packageProductDependencies = (
				1AAEA7622DFD5D1900D65180 /* ComposableArchitecture */,
				1AE247F82DFD664900491568 /* Utility */,
				1A1F24262E01C95000551F6F /* LocationService */,
				1A1F24282E01C95600551F6F /* NetworkClient */,
				1AA44A7F2E02DA1C00671873 /* CitySelectionFeature */,
				1A290FFA2E1BF05D00D581F8 /* CityManager */,
			);
			productName = ShopApp;
			productReference = 1AFE275E2DFD58A700BE011E /* ShopApp.app */;
			productType = "com.apple.product-type.application";
		};
		1AFE276B2DFD58A800BE011E /* ShopAppTests */ = {
			isa = PBXNativeTarget;
			buildConfigurationList = 1AFE27832DFD58A800BE011E /* Build configuration list for PBXNativeTarget "ShopAppTests" */;
			buildPhases = (
				1AFE27682DFD58A800BE011E /* Sources */,
				1AFE27692DFD58A800BE011E /* Frameworks */,
				1AFE276A2DFD58A800BE011E /* Resources */,
			);
			buildRules = (
			);
			dependencies = (
				1AFE276E2DFD58A800BE011E /* PBXTargetDependency */,
			);
			fileSystemSynchronizedGroups = (
				1AFE276F2DFD58A800BE011E /* ShopAppTests */,
			);
			name = ShopAppTests;
			packageProductDependencies = (
			);
			productName = ShopAppTests;
			productReference = 1AFE276C2DFD58A800BE011E /* ShopAppTests.xctest */;
			productType = "com.apple.product-type.bundle.unit-test";
		};
		1AFE27752DFD58A800BE011E /* ShopAppUITests */ = {
			isa = PBXNativeTarget;
			buildConfigurationList = 1AFE27862DFD58A800BE011E /* Build configuration list for PBXNativeTarget "ShopAppUITests" */;
			buildPhases = (
				1AFE27722DFD58A800BE011E /* Sources */,
				1AFE27732DFD58A800BE011E /* Frameworks */,
				1AFE27742DFD58A800BE011E /* Resources */,
			);
			buildRules = (
			);
			dependencies = (
				1AFE27782DFD58A800BE011E /* PBXTargetDependency */,
			);
			fileSystemSynchronizedGroups = (
				1A8B687C2DFD595600D395E4 /* Resources */,
				1AA44A792E02BD2100671873 /* ResourcesOnline */,
				1AAEA7AA2DFD5FDD00D65180 /* LocalPackages */,
				1AFE27792DFD58A800BE011E /* ShopAppUITests */,
			);
			name = ShopAppUITests;
			packageProductDependencies = (
			);
			productName = ShopAppUITests;
			productReference = 1AFE27762DFD58A800BE011E /* ShopAppUITests.xctest */;
			productType = "com.apple.product-type.bundle.ui-testing";
		};
/* End PBXNativeTarget section */

/* Begin PBXProject section */
		1AFE27562DFD58A700BE011E /* Project object */ = {
			isa = PBXProject;
			attributes = {
				BuildIndependentTargetsInParallel = 1;
				LastSwiftUpdateCheck = 1640;
				LastUpgradeCheck = 1640;
				TargetAttributes = {
					1AFE275D2DFD58A700BE011E = {
						CreatedOnToolsVersion = 16.4;
					};
					1AFE276B2DFD58A800BE011E = {
						CreatedOnToolsVersion = 16.4;
						TestTargetID = 1AFE275D2DFD58A700BE011E;
					};
					1AFE27752DFD58A800BE011E = {
						CreatedOnToolsVersion = 16.4;
						TestTargetID = 1AFE275D2DFD58A700BE011E;
					};
				};
			};
			buildConfigurationList = 1AFE27592DFD58A700BE011E /* Build configuration list for PBXProject "ShopApp" */;
			developmentRegion = en;
			hasScannedForEncodings = 0;
			knownRegions = (
				en,
				Base,
			);
			mainGroup = 1AFE27552DFD58A700BE011E;
			minimizedProjectReferenceProxies = 1;
			packageReferences = (
				1AAEA7612DFD5D1900D65180 /* XCRemoteSwiftPackageReference "swift-composable-architecture" */,
			);
			preferredProjectObjectVersion = 77;
			productRefGroup = 1AFE275F2DFD58A700BE011E /* Products */;
			projectDirPath = "";
			projectRoot = "";
			targets = (
				1AFE275D2DFD58A700BE011E /* ShopApp */,
				1AFE276B2DFD58A800BE011E /* ShopAppTests */,
				1AFE27752DFD58A800BE011E /* ShopAppUITests */,
			);
		};
/* End PBXProject section */

/* Begin PBXResourcesBuildPhase section */
		1AFE275C2DFD58A700BE011E /* Resources */ = {
			isa = PBXResourcesBuildPhase;
			buildActionMask = 2147483647;
			files = (
			);
			runOnlyForDeploymentPostprocessing = 0;
		};
		1AFE276A2DFD58A800BE011E /* Resources */ = {
			isa = PBXResourcesBuildPhase;
			buildActionMask = 2147483647;
			files = (
			);
			runOnlyForDeploymentPostprocessing = 0;
		};
		1AFE27742DFD58A800BE011E /* Resources */ = {
			isa = PBXResourcesBuildPhase;
			buildActionMask = 2147483647;
			files = (
			);
			runOnlyForDeploymentPostprocessing = 0;
		};
/* End PBXResourcesBuildPhase section */

/* Begin PBXSourcesBuildPhase section */
		1AFE275A2DFD58A700BE011E /* Sources */ = {
			isa = PBXSourcesBuildPhase;
			buildActionMask = 2147483647;
			files = (
			);
			runOnlyForDeploymentPostprocessing = 0;
		};
		1AFE27682DFD58A800BE011E /* Sources */ = {
			isa = PBXSourcesBuildPhase;
			buildActionMask = 2147483647;
			files = (
			);
			runOnlyForDeploymentPostprocessing = 0;
		};
		1AFE27722DFD58A800BE011E /* Sources */ = {
			isa = PBXSourcesBuildPhase;
			buildActionMask = 2147483647;
			files = (
			);
			runOnlyForDeploymentPostprocessing = 0;
		};
/* End PBXSourcesBuildPhase section */

/* Begin PBXTargetDependency section */
		1AFE276E2DFD58A800BE011E /* PBXTargetDependency */ = {
			isa = PBXTargetDependency;
			target = 1AFE275D2DFD58A700BE011E /* ShopApp */;
			targetProxy = 1AFE276D2DFD58A800BE011E /* PBXContainerItemProxy */;
		};
		1AFE27782DFD58A800BE011E /* PBXTargetDependency */ = {
			isa = PBXTargetDependency;
			target = 1AFE275D2DFD58A700BE011E /* ShopApp */;
			targetProxy = 1AFE27772DFD58A800BE011E /* PBXContainerItemProxy */;
		};
/* End PBXTargetDependency section */

/* Begin XCBuildConfiguration section */
		1AFE277E2DFD58A800BE011E /* Debug */ = {
			isa = XCBuildConfiguration;
			buildSettings = {
				ALWAYS_SEARCH_USER_PATHS = NO;
				ASSETCATALOG_COMPILER_GENERATE_SWIFT_ASSET_SYMBOL_EXTENSIONS = YES;
				CLANG_ANALYZER_NONNULL = YES;
				CLANG_ANALYZER_NUMBER_OBJECT_CONVERSION = YES_AGGRESSIVE;
				CLANG_CXX_LANGUAGE_STANDARD = "gnu++20";
				CLANG_ENABLE_MODULES = YES;
				CLANG_ENABLE_OBJC_ARC = YES;
				CLANG_ENABLE_OBJC_WEAK = YES;
				CLANG_WARN_BLOCK_CAPTURE_AUTORELEASING = YES;
				CLANG_WARN_BOOL_CONVERSION = YES;
				CLANG_WARN_COMMA = YES;
				CLANG_WARN_CONSTANT_CONVERSION = YES;
				CLANG_WARN_DEPRECATED_OBJC_IMPLEMENTATIONS = YES;
				CLANG_WARN_DIRECT_OBJC_ISA_USAGE = YES_ERROR;
				CLANG_WARN_DOCUMENTATION_COMMENTS = YES;
				CLANG_WARN_EMPTY_BODY = YES;
				CLANG_WARN_ENUM_CONVERSION = YES;
				CLANG_WARN_INFINITE_RECURSION = YES;
				CLANG_WARN_INT_CONVERSION = YES;
				CLANG_WARN_NON_LITERAL_NULL_CONVERSION = YES;
				CLANG_WARN_OBJC_IMPLICIT_RETAIN_SELF = YES;
				CLANG_WARN_OBJC_LITERAL_CONVERSION = YES;
				CLANG_WARN_OBJC_ROOT_CLASS = YES_ERROR;
				CLANG_WARN_QUOTED_INCLUDE_IN_FRAMEWORK_HEADER = YES;
				CLANG_WARN_RANGE_LOOP_ANALYSIS = YES;
				CLANG_WARN_STRICT_PROTOTYPES = YES;
				CLANG_WARN_SUSPICIOUS_MOVE = YES;
				CLANG_WARN_UNGUARDED_AVAILABILITY = YES_AGGRESSIVE;
				CLANG_WARN_UNREACHABLE_CODE = YES;
				CLANG_WARN__DUPLICATE_METHOD_MATCH = YES;
				COPY_PHASE_STRIP = NO;
				DEBUG_INFORMATION_FORMAT = dwarf;
				DEVELOPMENT_TEAM = DVN7KG94ZD;
				ENABLE_STRICT_OBJC_MSGSEND = YES;
				ENABLE_TESTABILITY = YES;
				ENABLE_USER_SCRIPT_SANDBOXING = YES;
				GCC_C_LANGUAGE_STANDARD = gnu17;
				GCC_DYNAMIC_NO_PIC = NO;
				GCC_NO_COMMON_BLOCKS = YES;
				GCC_OPTIMIZATION_LEVEL = 0;
				GCC_PREPROCESSOR_DEFINITIONS = (
					"DEBUG=1",
					"$(inherited)",
				);
				GCC_WARN_64_TO_32_BIT_CONVERSION = YES;
				GCC_WARN_ABOUT_RETURN_TYPE = YES_ERROR;
				GCC_WARN_UNDECLARED_SELECTOR = YES;
				GCC_WARN_UNINITIALIZED_AUTOS = YES_AGGRESSIVE;
				GCC_WARN_UNUSED_FUNCTION = YES;
				GCC_WARN_UNUSED_VARIABLE = YES;
				LOCALIZATION_PREFERS_STRING_CATALOGS = YES;
				MTL_ENABLE_DEBUG_INFO = INCLUDE_SOURCE;
				MTL_FAST_MATH = YES;
				ONLY_ACTIVE_ARCH = YES;
				SWIFT_ACTIVE_COMPILATION_CONDITIONS = "DEBUG $(inherited)";
				SWIFT_OPTIMIZATION_LEVEL = "-Onone";
			};
			name = Debug;
		};
		1AFE277F2DFD58A800BE011E /* Release */ = {
			isa = XCBuildConfiguration;
			buildSettings = {
				ALWAYS_SEARCH_USER_PATHS = NO;
				ASSETCATALOG_COMPILER_GENERATE_SWIFT_ASSET_SYMBOL_EXTENSIONS = YES;
				CLANG_ANALYZER_NONNULL = YES;
				CLANG_ANALYZER_NUMBER_OBJECT_CONVERSION = YES_AGGRESSIVE;
				CLANG_CXX_LANGUAGE_STANDARD = "gnu++20";
				CLANG_ENABLE_MODULES = YES;
				CLANG_ENABLE_OBJC_ARC = YES;
				CLANG_ENABLE_OBJC_WEAK = YES;
				CLANG_WARN_BLOCK_CAPTURE_AUTORELEASING = YES;
				CLANG_WARN_BOOL_CONVERSION = YES;
				CLANG_WARN_COMMA = YES;
				CLANG_WARN_CONSTANT_CONVERSION = YES;
				CLANG_WARN_DEPRECATED_OBJC_IMPLEMENTATIONS = YES;
				CLANG_WARN_DIRECT_OBJC_ISA_USAGE = YES_ERROR;
				CLANG_WARN_DOCUMENTATION_COMMENTS = YES;
				CLANG_WARN_EMPTY_BODY = YES;
				CLANG_WARN_ENUM_CONVERSION = YES;
				CLANG_WARN_INFINITE_RECURSION = YES;
				CLANG_WARN_INT_CONVERSION = YES;
				CLANG_WARN_NON_LITERAL_NULL_CONVERSION = YES;
				CLANG_WARN_OBJC_IMPLICIT_RETAIN_SELF = YES;
				CLANG_WARN_OBJC_LITERAL_CONVERSION = YES;
				CLANG_WARN_OBJC_ROOT_CLASS = YES_ERROR;
				CLANG_WARN_QUOTED_INCLUDE_IN_FRAMEWORK_HEADER = YES;
				CLANG_WARN_RANGE_LOOP_ANALYSIS = YES;
				CLANG_WARN_STRICT_PROTOTYPES = YES;
				CLANG_WARN_SUSPICIOUS_MOVE = YES;
				CLANG_WARN_UNGUARDED_AVAILABILITY = YES_AGGRESSIVE;
				CLANG_WARN_UNREACHABLE_CODE = YES;
				CLANG_WARN__DUPLICATE_METHOD_MATCH = YES;
				COPY_PHASE_STRIP = NO;
				DEBUG_INFORMATION_FORMAT = "dwarf-with-dsym";
				DEVELOPMENT_TEAM = DVN7KG94ZD;
				ENABLE_NS_ASSERTIONS = NO;
				ENABLE_STRICT_OBJC_MSGSEND = YES;
				ENABLE_USER_SCRIPT_SANDBOXING = YES;
				GCC_C_LANGUAGE_STANDARD = gnu17;
				GCC_NO_COMMON_BLOCKS = YES;
				GCC_WARN_64_TO_32_BIT_CONVERSION = YES;
				GCC_WARN_ABOUT_RETURN_TYPE = YES_ERROR;
				GCC_WARN_UNDECLARED_SELECTOR = YES;
				GCC_WARN_UNINITIALIZED_AUTOS = YES_AGGRESSIVE;
				GCC_WARN_UNUSED_FUNCTION = YES;
				GCC_WARN_UNUSED_VARIABLE = YES;
				LOCALIZATION_PREFERS_STRING_CATALOGS = YES;
				MTL_ENABLE_DEBUG_INFO = NO;
				MTL_FAST_MATH = YES;
				SWIFT_COMPILATION_MODE = wholemodule;
			};
			name = Release;
		};
		1AFE27812DFD58A800BE011E /* Debug */ = {
			isa = XCBuildConfiguration;
			buildSettings = {
				ASSETCATALOG_COMPILER_APPICON_NAME = AppIcon;
				ASSETCATALOG_COMPILER_GLOBAL_ACCENT_COLOR_NAME = AccentColor;
				CODE_SIGN_ENTITLEMENTS = Resources/ShopApp.entitlements;
				CODE_SIGN_STYLE = Automatic;
				CURRENT_PROJECT_VERSION = 1;
				DEVELOPMENT_TEAM = DVN7KG94ZD;
				ENABLE_HARDENED_RUNTIME = YES;
				ENABLE_PREVIEWS = YES;
				GENERATE_INFOPLIST_FILE = YES;
				INFOPLIST_KEY_NSLocationAlwaysAndWhenInUseUsageDescription = "Нам необходимо определять Ваше местоположение для предоставления лучшего пользовательского опыта.";
				INFOPLIST_KEY_NSLocationWhenInUseUsageDescription = "Нам необходимо определять Ваше местоположение для предоставления лучшего пользовательского опыта.";
				"INFOPLIST_KEY_UIApplicationSceneManifest_Generation[sdk=iphoneos*]" = YES;
				"INFOPLIST_KEY_UIApplicationSceneManifest_Generation[sdk=iphonesimulator*]" = YES;
				"INFOPLIST_KEY_UIApplicationSupportsIndirectInputEvents[sdk=iphoneos*]" = YES;
				"INFOPLIST_KEY_UIApplicationSupportsIndirectInputEvents[sdk=iphonesimulator*]" = YES;
				"INFOPLIST_KEY_UILaunchScreen_Generation[sdk=iphoneos*]" = YES;
				"INFOPLIST_KEY_UILaunchScreen_Generation[sdk=iphonesimulator*]" = YES;
				"INFOPLIST_KEY_UIStatusBarStyle[sdk=iphoneos*]" = UIStatusBarStyleDefault;
				"INFOPLIST_KEY_UIStatusBarStyle[sdk=iphonesimulator*]" = UIStatusBarStyleDefault;
				INFOPLIST_KEY_UISupportedInterfaceOrientations = UIInterfaceOrientationPortrait;
				INFOPLIST_KEY_UISupportedInterfaceOrientations_iPad = "UIInterfaceOrientationLandscapeLeft UIInterfaceOrientationLandscapeRight UIInterfaceOrientationPortrait UIInterfaceOrientationPortraitUpsideDown";
				IPHONEOS_DEPLOYMENT_TARGET = 17.6;
				LD_RUNPATH_SEARCH_PATHS = "@executable_path/Frameworks";
				"LD_RUNPATH_SEARCH_PATHS[sdk=macosx*]" = "@executable_path/../Frameworks";
				MACOSX_DEPLOYMENT_TARGET = 15.5;
				MARKETING_VERSION = 1.0;
				PRODUCT_BUNDLE_IDENTIFIER = oesabygames.com.ShopApp;
				PRODUCT_NAME = "$(TARGET_NAME)";
				REGISTER_APP_GROUPS = YES;
				SDKROOT = auto;
				SUPPORTED_PLATFORMS = "iphoneos iphonesimulator";
				SUPPORTS_MACCATALYST = NO;
				SWIFT_EMIT_LOC_STRINGS = YES;
				SWIFT_VERSION = 5.0;
				TARGETED_DEVICE_FAMILY = 1;
				XROS_DEPLOYMENT_TARGET = 2.5;
			};
			name = Debug;
		};
		1AFE27822DFD58A800BE011E /* Release */ = {
			isa = XCBuildConfiguration;
			buildSettings = {
				ASSETCATALOG_COMPILER_APPICON_NAME = AppIcon;
				ASSETCATALOG_COMPILER_GLOBAL_ACCENT_COLOR_NAME = AccentColor;
				CODE_SIGN_ENTITLEMENTS = Resources/ShopApp.entitlements;
				CODE_SIGN_STYLE = Automatic;
				CURRENT_PROJECT_VERSION = 1;
				DEVELOPMENT_TEAM = DVN7KG94ZD;
				ENABLE_HARDENED_RUNTIME = YES;
				ENABLE_PREVIEWS = YES;
				GENERATE_INFOPLIST_FILE = YES;
				INFOPLIST_KEY_NSLocationAlwaysAndWhenInUseUsageDescription = "Нам необходимо определять Ваше местоположение для предоставления лучшего пользовательского опыта.";
				INFOPLIST_KEY_NSLocationWhenInUseUsageDescription = "Нам необходимо определять Ваше местоположение для предоставления лучшего пользовательского опыта.";
				"INFOPLIST_KEY_UIApplicationSceneManifest_Generation[sdk=iphoneos*]" = YES;
				"INFOPLIST_KEY_UIApplicationSceneManifest_Generation[sdk=iphonesimulator*]" = YES;
				"INFOPLIST_KEY_UIApplicationSupportsIndirectInputEvents[sdk=iphoneos*]" = YES;
				"INFOPLIST_KEY_UIApplicationSupportsIndirectInputEvents[sdk=iphonesimulator*]" = YES;
				"INFOPLIST_KEY_UILaunchScreen_Generation[sdk=iphoneos*]" = YES;
				"INFOPLIST_KEY_UILaunchScreen_Generation[sdk=iphonesimulator*]" = YES;
				"INFOPLIST_KEY_UIStatusBarStyle[sdk=iphoneos*]" = UIStatusBarStyleDefault;
				"INFOPLIST_KEY_UIStatusBarStyle[sdk=iphonesimulator*]" = UIStatusBarStyleDefault;
				INFOPLIST_KEY_UISupportedInterfaceOrientations = UIInterfaceOrientationPortrait;
				INFOPLIST_KEY_UISupportedInterfaceOrientations_iPad = "UIInterfaceOrientationLandscapeLeft UIInterfaceOrientationLandscapeRight UIInterfaceOrientationPortrait UIInterfaceOrientationPortraitUpsideDown";
				IPHONEOS_DEPLOYMENT_TARGET = 17.6;
				LD_RUNPATH_SEARCH_PATHS = "@executable_path/Frameworks";
				"LD_RUNPATH_SEARCH_PATHS[sdk=macosx*]" = "@executable_path/../Frameworks";
				MACOSX_DEPLOYMENT_TARGET = 15.5;
				MARKETING_VERSION = 1.0;
				PRODUCT_BUNDLE_IDENTIFIER = oesabygames.com.ShopApp;
				PRODUCT_NAME = "$(TARGET_NAME)";
				REGISTER_APP_GROUPS = YES;
				SDKROOT = auto;
				SUPPORTED_PLATFORMS = "iphoneos iphonesimulator";
				SUPPORTS_MACCATALYST = NO;
				SWIFT_EMIT_LOC_STRINGS = YES;
				SWIFT_VERSION = 5.0;
				TARGETED_DEVICE_FAMILY = 1;
				XROS_DEPLOYMENT_TARGET = 2.5;
			};
			name = Release;
		};
		1AFE27842DFD58A800BE011E /* Debug */ = {
			isa = XCBuildConfiguration;
			buildSettings = {
				BUNDLE_LOADER = "$(TEST_HOST)";
				CODE_SIGN_STYLE = Automatic;
				CURRENT_PROJECT_VERSION = 1;
				DEVELOPMENT_TEAM = DVN7KG94ZD;
				GENERATE_INFOPLIST_FILE = YES;
				IPHONEOS_DEPLOYMENT_TARGET = 18.5;
				MACOSX_DEPLOYMENT_TARGET = 15.5;
				MARKETING_VERSION = 1.0;
				PRODUCT_BUNDLE_IDENTIFIER = oesabygames.com.ShopAppTests;
				PRODUCT_NAME = "$(TARGET_NAME)";
				SDKROOT = auto;
				SUPPORTED_PLATFORMS = "iphoneos iphonesimulator macosx xros xrsimulator";
				SWIFT_EMIT_LOC_STRINGS = NO;
				SWIFT_VERSION = 5.0;
				TARGETED_DEVICE_FAMILY = "1,2,7";
				TEST_HOST = "$(BUILT_PRODUCTS_DIR)/ShopApp.app/$(BUNDLE_EXECUTABLE_FOLDER_PATH)/ShopApp";
				XROS_DEPLOYMENT_TARGET = 2.5;
			};
			name = Debug;
		};
		1AFE27852DFD58A800BE011E /* Release */ = {
			isa = XCBuildConfiguration;
			buildSettings = {
				BUNDLE_LOADER = "$(TEST_HOST)";
				CODE_SIGN_STYLE = Automatic;
				CURRENT_PROJECT_VERSION = 1;
				DEVELOPMENT_TEAM = DVN7KG94ZD;
				GENERATE_INFOPLIST_FILE = YES;
				IPHONEOS_DEPLOYMENT_TARGET = 18.5;
				MACOSX_DEPLOYMENT_TARGET = 15.5;
				MARKETING_VERSION = 1.0;
				PRODUCT_BUNDLE_IDENTIFIER = oesabygames.com.ShopAppTests;
				PRODUCT_NAME = "$(TARGET_NAME)";
				SDKROOT = auto;
				SUPPORTED_PLATFORMS = "iphoneos iphonesimulator macosx xros xrsimulator";
				SWIFT_EMIT_LOC_STRINGS = NO;
				SWIFT_VERSION = 5.0;
				TARGETED_DEVICE_FAMILY = "1,2,7";
				TEST_HOST = "$(BUILT_PRODUCTS_DIR)/ShopApp.app/$(BUNDLE_EXECUTABLE_FOLDER_PATH)/ShopApp";
				XROS_DEPLOYMENT_TARGET = 2.5;
			};
			name = Release;
		};
		1AFE27872DFD58A800BE011E /* Debug */ = {
			isa = XCBuildConfiguration;
			buildSettings = {
				CODE_SIGN_STYLE = Automatic;
				CURRENT_PROJECT_VERSION = 1;
				DEVELOPMENT_TEAM = DVN7KG94ZD;
				GENERATE_INFOPLIST_FILE = YES;
				IPHONEOS_DEPLOYMENT_TARGET = 18.5;
				MACOSX_DEPLOYMENT_TARGET = 15.5;
				MARKETING_VERSION = 1.0;
				PRODUCT_BUNDLE_IDENTIFIER = oesabygames.com.ShopAppUITests;
				PRODUCT_NAME = "$(TARGET_NAME)";
				SDKROOT = auto;
				SUPPORTED_PLATFORMS = "iphoneos iphonesimulator macosx xros xrsimulator";
				SWIFT_EMIT_LOC_STRINGS = NO;
				SWIFT_VERSION = 5.0;
				TARGETED_DEVICE_FAMILY = "1,2,7";
				TEST_TARGET_NAME = ShopApp;
				XROS_DEPLOYMENT_TARGET = 2.5;
			};
			name = Debug;
		};
		1AFE27882DFD58A800BE011E /* Release */ = {
			isa = XCBuildConfiguration;
			buildSettings = {
				CODE_SIGN_STYLE = Automatic;
				CURRENT_PROJECT_VERSION = 1;
				DEVELOPMENT_TEAM = DVN7KG94ZD;
				GENERATE_INFOPLIST_FILE = YES;
				IPHONEOS_DEPLOYMENT_TARGET = 18.5;
				MACOSX_DEPLOYMENT_TARGET = 15.5;
				MARKETING_VERSION = 1.0;
				PRODUCT_BUNDLE_IDENTIFIER = oesabygames.com.ShopAppUITests;
				PRODUCT_NAME = "$(TARGET_NAME)";
				SDKROOT = auto;
				SUPPORTED_PLATFORMS = "iphoneos iphonesimulator macosx xros xrsimulator";
				SWIFT_EMIT_LOC_STRINGS = NO;
				SWIFT_VERSION = 5.0;
				TARGETED_DEVICE_FAMILY = "1,2,7";
				TEST_TARGET_NAME = ShopApp;
				XROS_DEPLOYMENT_TARGET = 2.5;
			};
			name = Release;
		};
/* End XCBuildConfiguration section */

/* Begin XCConfigurationList section */
		1AFE27592DFD58A700BE011E /* Build configuration list for PBXProject "ShopApp" */ = {
			isa = XCConfigurationList;
			buildConfigurations = (
				1AFE277E2DFD58A800BE011E /* Debug */,
				1AFE277F2DFD58A800BE011E /* Release */,
			);
			defaultConfigurationIsVisible = 0;
			defaultConfigurationName = Release;
		};
		1AFE27802DFD58A800BE011E /* Build configuration list for PBXNativeTarget "ShopApp" */ = {
			isa = XCConfigurationList;
			buildConfigurations = (
				1AFE27812DFD58A800BE011E /* Debug */,
				1AFE27822DFD58A800BE011E /* Release */,
			);
			defaultConfigurationIsVisible = 0;
			defaultConfigurationName = Release;
		};
		1AFE27832DFD58A800BE011E /* Build configuration list for PBXNativeTarget "ShopAppTests" */ = {
			isa = XCConfigurationList;
			buildConfigurations = (
				1AFE27842DFD58A800BE011E /* Debug */,
				1AFE27852DFD58A800BE011E /* Release */,
			);
			defaultConfigurationIsVisible = 0;
			defaultConfigurationName = Release;
		};
		1AFE27862DFD58A800BE011E /* Build configuration list for PBXNativeTarget "ShopAppUITests" */ = {
			isa = XCConfigurationList;
			buildConfigurations = (
				1AFE27872DFD58A800BE011E /* Debug */,
				1AFE27882DFD58A800BE011E /* Release */,
			);
			defaultConfigurationIsVisible = 0;
			defaultConfigurationName = Release;
		};
/* End XCConfigurationList section */

/* Begin XCRemoteSwiftPackageReference section */
		1AAEA7612DFD5D1900D65180 /* XCRemoteSwiftPackageReference "swift-composable-architecture" */ = {
			isa = XCRemoteSwiftPackageReference;
			repositoryURL = "https://github.com/pointfreeco/swift-composable-architecture";
			requirement = {
				kind = upToNextMajorVersion;
				minimumVersion = 1.20.2;
			};
		};
/* End XCRemoteSwiftPackageReference section */

/* Begin XCSwiftPackageProductDependency section */
		1A1F24262E01C95000551F6F /* LocationService */ = {
			isa = XCSwiftPackageProductDependency;
			productName = LocationService;
		};
		1A1F24282E01C95600551F6F /* NetworkClient */ = {
			isa = XCSwiftPackageProductDependency;
			productName = NetworkClient;
		};
		1A290FFA2E1BF05D00D581F8 /* CityManager */ = {
			isa = XCSwiftPackageProductDependency;
			productName = CityManager;
		};
		1AA44A7F2E02DA1C00671873 /* CitySelectionFeature */ = {
			isa = XCSwiftPackageProductDependency;
			productName = CitySelectionFeature;
		};
		1AAEA7622DFD5D1900D65180 /* ComposableArchitecture */ = {
			isa = XCSwiftPackageProductDependency;
			package = 1AAEA7612DFD5D1900D65180 /* XCRemoteSwiftPackageReference "swift-composable-architecture" */;
			productName = ComposableArchitecture;
		};
		1AE247F82DFD664900491568 /* Utility */ = {
			isa = XCSwiftPackageProductDependency;
			productName = Utility;
		};
/* End XCSwiftPackageProductDependency section */
	};
	rootObject = 1AFE27562DFD58A700BE011E /* Project object */;
}
